# This file was autogenerated by Stack.
# You should not edit this file by hand.
# For more information, please see the documentation at:
#   https://docs.haskellstack.org/en/stable/lock_files

packages:
- completed:
    commit: 4b3b04d0ac9d1db53033fb4f0b6864f25b6e945d
    git: git@github.com:awakesecurity/gRPC-haskell.git
    name: grpc-haskell
    pantry-tree:
      sha256: e2acf6df3b1db984868c794451712321fcc68df403e70e590b79e6eba28be898
      size: 7616
    subdir: .
    version: 0.4.0
  original:
    commit: 4b3b04d0ac9d1db53033fb4f0b6864f25b6e945d
    git: git@github.com:awakesecurity/gRPC-haskell.git
    subdir: .
- completed:
    commit: 4b3b04d0ac9d1db53033fb4f0b6864f25b6e945d
    git: git@github.com:awakesecurity/gRPC-haskell.git
    name: grpc-haskell-core
    pantry-tree:
      sha256: 2bfee0e6b5c88593099df242bd48a051f79468d1f4559b0c30a0c69125747a9e
      size: 2532
    subdir: core
    version: 0.6.0
  original:
    commit: 4b3b04d0ac9d1db53033fb4f0b6864f25b6e945d
    git: git@github.com:awakesecurity/gRPC-haskell.git
    subdir: core
- completed:
    commit: bec9d40e2767143deed5b2d451197191f1d8c7d5
    git: git@github.com:awakesecurity/proto3-suite.git
    name: proto3-suite
    pantry-tree:
      sha256: 928e0bc78a7fba27c2bd4425d9deae7c362c7f647c650cc57067758bc2fe6a29
      size: 8418
    version: 0.8.0
  original:
    commit: bec9d40e2767143deed5b2d451197191f1d8c7d5
    git: git@github.com:awakesecurity/proto3-suite.git
- completed:
    hackage: large-generics-0.2.1@sha256:30677d4d1d35b6403d6d9909cbfd6a90a9fbcddf39ff6b8bd0ef31061caf4d48,2836
    pantry-tree:
      sha256: 176bb379bcbdb5a29ddddb44c639214e01fe355a8d2a05d73b34801821f3be4b
      size: 1976
  original:
    hackage: large-generics-0.2.1
- completed:
    hackage: large-records-0.4@sha256:8bc3253575efdd8e5430667a0b244d007766318e5e33d605866c56716d4e9c71,4283
    pantry-tree:
      sha256: 19ccbd7179fa7031831743a50a665df128318ce3c71dd9b943586dd70030cfe7
      size: 2908
  original:
    hackage: large-records-0.4
- completed:
    commit: 2d48ee3446858f08a8c75130c90d770c377569bd
    git: git@github.com:awakesecurity/proto3-wire.git
    name: proto3-wire
    pantry-tree:
      sha256: 435441c5b8a677353e3c6566f3e6e7d9c1947ff75ade51ce1bc8d66e4ae329eb
      size: 2648
    version: 1.4.3
  original:
    commit: 2d48ee3446858f08a8c75130c90d770c377569bd
    git: git@github.com:awakesecurity/proto3-wire.git
snapshots:
- completed:
    sha256: 5a59b2a405b3aba3c00188453be172b85893cab8ebc352b1ef58b0eae5d248a2
    size: 650475
    url: https://raw.githubusercontent.com/commercialhaskell/stackage-snapshots/master/lts/20/26.yaml
  original:
    url: https://raw.githubusercontent.com/commercialhaskell/stackage-snapshots/master/lts/20/26.yaml
